
Microsoft Visual Studio Solution File, Format Version 12.00
# Visual Studio Version 17
VisualStudioVersion = 17.5.002.0
MinimumVisualStudioVersion = 10.0.40219.1
Project("{9A19103F-16F7-4668-BE54-9A1E7A4F7556}") = "TripPlanner_1", "TripPlanner_1.csproj", "{621E8F94-2E23-498A-B0E0-CBADC217649B}"
EndProject
Global
	GlobalSection(SolutionConfigurationPlatforms) = preSolution
		Debug|Any CPU = Debug|Any CPU
		Release|Any CPU = Release|Any CPU
	EndGlobalSection
	GlobalSection(ProjectConfigurationPlatforms) = postSolution
		{621E8F94-2E23-498A-B0E0-CBADC217649B}.Debug|Any CPU.ActiveCfg = Debug|Any CPU
		{621E8F94-2E23-498A-B0E0-CBADC217649B}.Debug|Any CPU.Build.0 = Debug|Any CPU
		{621E8F94-2E23-498A-B0E0-CBADC217649B}.Release|Any CPU.ActiveCfg = Release|Any CPU
		{621E8F94-2E23-498A-B0E0-CBADC217649B}.Release|Any CPU.Build.0 = Release|Any CPU
	EndGlobalSection
	GlobalSection(SolutionProperties) = preSolution
		HideSolutionNode = FALSE
	EndGlobalSection
	GlobalSection(ExtensibilityGlobals) = postSolution
		SolutionGuid = {2428712E-524D-4D39-8396-39B66B06EBDB}
	EndGlobalSection
EndGlobal
